
Microsoft Visual Studio Solution File, Format Version 12.00
# Visual Studio Version 17
VisualStudioVersion = 17.8.34330.188
MinimumVisualStudioVersion = 10.0.40219.1
Project("{FAE04EC0-301F-11D3-BF4B-00C04F79EFBC}") = "MiddlewareDatabaseAPI", "MiddlewareDatabaseAPI.csproj", "{4A02840C-7EB7-4BCD-AA99-9775658BAB97}"
EndProject
Project("{FAE04EC0-301F-11D3-BF4B-00C04F79EFBC}") = "TestApplication", "..\TestApplication\TestApplication.csproj", "{A9DEFAA8-F47D-4D1D-ABBC-BFC5620D2F70}"
EndProject
Project("{FAE04EC0-301F-11D3-BF4B-00C04F79EFBC}") = "TestContainer", "..\TestContainer\TestContainer.csproj", "{0BF46154-0880-4F73-987D-499936CB9792}"
EndProject
Project("{FAE04EC0-301F-11D3-BF4B-00C04F79EFBC}") = "TestSubscription", "..\TestSubscription\TestSubscription.csproj", "{A583E5A4-CB1D-4A32-A0AF-8AFE4B0390DB}"
EndProject
Project("{FAE04EC0-301F-11D3-BF4B-00C04F79EFBC}") = "TestData", "..\TestData\TestData.csproj", "{DABBE602-24AB-433F-8546-F020CA7EEFEF}"
EndProject
Project("{FAE04EC0-301F-11D3-BF4B-00C04F79EFBC}") = "ClientApp", "..\ClientApp\ClientApp.csproj", "{967F3D36-B7EE-46D8-A225-02D5B1287940}"
EndProject
Project("{FAE04EC0-301F-11D3-BF4B-00C04F79EFBC}") = "AdminApp", "..\AdminApp\AdminApp.csproj", "{3B98DD9A-4EBC-4911-A97A-84D1D92A286B}"
EndProject
Global
	GlobalSection(SolutionConfigurationPlatforms) = preSolution
		Debug|Any CPU = Debug|Any CPU
		Release|Any CPU = Release|Any CPU
	EndGlobalSection
	GlobalSection(ProjectConfigurationPlatforms) = postSolution
		{4A02840C-7EB7-4BCD-AA99-9775658BAB97}.Debug|Any CPU.ActiveCfg = Debug|Any CPU
		{4A02840C-7EB7-4BCD-AA99-9775658BAB97}.Debug|Any CPU.Build.0 = Debug|Any CPU
		{4A02840C-7EB7-4BCD-AA99-9775658BAB97}.Release|Any CPU.ActiveCfg = Release|Any CPU
		{4A02840C-7EB7-4BCD-AA99-9775658BAB97}.Release|Any CPU.Build.0 = Release|Any CPU
		{A9DEFAA8-F47D-4D1D-ABBC-BFC5620D2F70}.Debug|Any CPU.ActiveCfg = Debug|Any CPU
		{A9DEFAA8-F47D-4D1D-ABBC-BFC5620D2F70}.Debug|Any CPU.Build.0 = Debug|Any CPU
		{A9DEFAA8-F47D-4D1D-ABBC-BFC5620D2F70}.Release|Any CPU.ActiveCfg = Release|Any CPU
		{A9DEFAA8-F47D-4D1D-ABBC-BFC5620D2F70}.Release|Any CPU.Build.0 = Release|Any CPU
		{0BF46154-0880-4F73-987D-499936CB9792}.Debug|Any CPU.ActiveCfg = Debug|Any CPU
		{0BF46154-0880-4F73-987D-499936CB9792}.Debug|Any CPU.Build.0 = Debug|Any CPU
		{0BF46154-0880-4F73-987D-499936CB9792}.Release|Any CPU.ActiveCfg = Release|Any CPU
		{0BF46154-0880-4F73-987D-499936CB9792}.Release|Any CPU.Build.0 = Release|Any CPU
		{A583E5A4-CB1D-4A32-A0AF-8AFE4B0390DB}.Debug|Any CPU.ActiveCfg = Debug|Any CPU
		{A583E5A4-CB1D-4A32-A0AF-8AFE4B0390DB}.Debug|Any CPU.Build.0 = Debug|Any CPU
		{A583E5A4-CB1D-4A32-A0AF-8AFE4B0390DB}.Release|Any CPU.ActiveCfg = Release|Any CPU
		{A583E5A4-CB1D-4A32-A0AF-8AFE4B0390DB}.Release|Any CPU.Build.0 = Release|Any CPU
		{DABBE602-24AB-433F-8546-F020CA7EEFEF}.Debug|Any CPU.ActiveCfg = Debug|Any CPU
		{DABBE602-24AB-433F-8546-F020CA7EEFEF}.Debug|Any CPU.Build.0 = Debug|Any CPU
		{DABBE602-24AB-433F-8546-F020CA7EEFEF}.Release|Any CPU.ActiveCfg = Release|Any CPU
		{DABBE602-24AB-433F-8546-F020CA7EEFEF}.Release|Any CPU.Build.0 = Release|Any CPU
		{967F3D36-B7EE-46D8-A225-02D5B1287940}.Debug|Any CPU.ActiveCfg = Debug|Any CPU
		{967F3D36-B7EE-46D8-A225-02D5B1287940}.Debug|Any CPU.Build.0 = Debug|Any CPU
		{967F3D36-B7EE-46D8-A225-02D5B1287940}.Release|Any CPU.ActiveCfg = Release|Any CPU
		{967F3D36-B7EE-46D8-A225-02D5B1287940}.Release|Any CPU.Build.0 = Release|Any CPU
		{3B98DD9A-4EBC-4911-A97A-84D1D92A286B}.Debug|Any CPU.ActiveCfg = Debug|Any CPU
		{3B98DD9A-4EBC-4911-A97A-84D1D92A286B}.Debug|Any CPU.Build.0 = Debug|Any CPU
		{3B98DD9A-4EBC-4911-A97A-84D1D92A286B}.Release|Any CPU.ActiveCfg = Release|Any CPU
		{3B98DD9A-4EBC-4911-A97A-84D1D92A286B}.Release|Any CPU.Build.0 = Release|Any CPU
	EndGlobalSection
	GlobalSection(SolutionProperties) = preSolution
		HideSolutionNode = FALSE
	EndGlobalSection
	GlobalSection(ExtensibilityGlobals) = postSolution
		SolutionGuid = {E5C3F512-61CC-4588-9D7E-A4F655872ABE}
	EndGlobalSection
EndGlobal
